
Microsoft Visual Studio Solution File, Format Version 12.00
# Visual Studio 14
VisualStudioVersion = 14.0.24720.0
MinimumVisualStudioVersion = 10.0.40219.1
Project("{FAE04EC0-301F-11D3-BF4B-00C04F79EFBC}") = "MatrixPanAndZoomDemo.Wpf", "MatrixPanAndZoomDemo.Wpf\MatrixPanAndZoomDemo.Wpf.csproj", "{B2B6562E-FFCA-4571-A59C-359A45A07FF0}"
EndProject
Project("{FAE04EC0-301F-11D3-BF4B-00C04F79EFBC}") = "MatrixPanAndZoomDemo.Perspex", "MatrixPanAndZoomDemo.Perspex\MatrixPanAndZoomDemo.Perspex.csproj", "{6DB965C2-20A9-4A0A-9A1B-A76A6AC90903}"
EndProject
Global
	GlobalSection(SolutionConfigurationPlatforms) = preSolution
		Debug|Any CPU = Debug|Any CPU
		Release|Any CPU = Release|Any CPU
	EndGlobalSection
	GlobalSection(ProjectConfigurationPlatforms) = postSolution
		{B2B6562E-FFCA-4571-A59C-359A45A07FF0}.Debug|Any CPU.ActiveCfg = Debug|Any CPU
		{B2B6562E-FFCA-4571-A59C-359A45A07FF0}.Debug|Any CPU.Build.0 = Debug|Any CPU
		{B2B6562E-FFCA-4571-A59C-359A45A07FF0}.Release|Any CPU.ActiveCfg = Release|Any CPU
		{B2B6562E-FFCA-4571-A59C-359A45A07FF0}.Release|Any CPU.Build.0 = Release|Any CPU
		{6DB965C2-20A9-4A0A-9A1B-A76A6AC90903}.Debug|Any CPU.ActiveCfg = Debug|Any CPU
		{6DB965C2-20A9-4A0A-9A1B-A76A6AC90903}.Debug|Any CPU.Build.0 = Debug|Any CPU
		{6DB965C2-20A9-4A0A-9A1B-A76A6AC90903}.Release|Any CPU.ActiveCfg = Release|Any CPU
		{6DB965C2-20A9-4A0A-9A1B-A76A6AC90903}.Release|Any CPU.Build.0 = Release|Any CPU
	EndGlobalSection
	GlobalSection(SolutionProperties) = preSolution
		HideSolutionNode = FALSE
	EndGlobalSection
EndGlobal
